
Microsoft Visual Studio Solution File, Format Version 12.00
# Visual Studio 15
VisualStudioVersion = 15.0.28010.2019
MinimumVisualStudioVersion = 10.0.40219.1
Project("{8BC9CEB8-8B4A-11D0-8D11-00A0C91BC942}") = "Work", "Work\Work.vcxproj", "{2E3FAA02-9334-4D74-88A8-E1B205F4BEFA}"
EndProject
Global
	GlobalSection(SolutionConfigurationPlatforms) = preSolution
		Debug|x64 = Debug|x64
		Debug|x86 = Debug|x86
		Release|x64 = Release|x64
		Release|x86 = Release|x86
	EndGlobalSection
	GlobalSection(ProjectConfigurationPlatforms) = postSolution
		{2E3FAA02-9334-4D74-88A8-E1B205F4BEFA}.Debug|x64.ActiveCfg = Debug|x64
		{2E3FAA02-9334-4D74-88A8-E1B205F4BEFA}.Debug|x64.Build.0 = Debug|x64
		{2E3FAA02-9334-4D74-88A8-E1B205F4BEFA}.Debug|x86.ActiveCfg = Debug|Win32
		{2E3FAA02-9334-4D74-88A8-E1B205F4BEFA}.Debug|x86.Build.0 = Debug|Win32
		{2E3FAA02-9334-4D74-88A8-E1B205F4BEFA}.Release|x64.ActiveCfg = Release|x64
		{2E3FAA02-9334-4D74-88A8-E1B205F4BEFA}.Release|x64.Build.0 = Release|x64
		{2E3FAA02-9334-4D74-88A8-E1B205F4BEFA}.Release|x86.ActiveCfg = Release|Win32
		{2E3FAA02-9334-4D74-88A8-E1B205F4BEFA}.Release|x86.Build.0 = Release|Win32
	EndGlobalSection
	GlobalSection(SolutionProperties) = preSolution
		HideSolutionNode = FALSE
	EndGlobalSection
	GlobalSection(ExtensibilityGlobals) = postSolution
		SolutionGuid = {CA6C8009-0B04-4AF7-A0DC-ACBCE3B443FD}
	EndGlobalSection
EndGlobal
